
Microsoft Visual Studio Solution File, Format Version 12.00
# Visual Studio Version 16
VisualStudioVersion = 16.0.30621.155
MinimumVisualStudioVersion = 10.0.40219.1
Project("{FAE04EC0-301F-11D3-BF4B-00C04F79EFBC}") = "PingProject", "PingProject.csproj", "{A3857220-EE8B-47D8-9AA6-4703B5707296}"
EndProject
Global
	GlobalSection(SolutionConfigurationPlatforms) = preSolution
		Debug|Any CPU = Debug|Any CPU
		Release|Any CPU = Release|Any CPU
	EndGlobalSection
	GlobalSection(ProjectConfigurationPlatforms) = postSolution
		{A3857220-EE8B-47D8-9AA6-4703B5707296}.Debug|Any CPU.ActiveCfg = Debug|Any CPU
		{A3857220-EE8B-47D8-9AA6-4703B5707296}.Debug|Any CPU.Build.0 = Debug|Any CPU
		{A3857220-EE8B-47D8-9AA6-4703B5707296}.Release|Any CPU.ActiveCfg = Release|Any CPU
		{A3857220-EE8B-47D8-9AA6-4703B5707296}.Release|Any CPU.Build.0 = Release|Any CPU
	EndGlobalSection
	GlobalSection(SolutionProperties) = preSolution
		HideSolutionNode = FALSE
	EndGlobalSection
	GlobalSection(ExtensibilityGlobals) = postSolution
		SolutionGuid = {37585097-BEAC-4451-B1F6-2BDDD83F7819}
	EndGlobalSection
EndGlobal
